
Microsoft Visual Studio Solution File, Format Version 12.00
# Visual Studio 15
VisualStudioVersion = 15.0.27004.2002
MinimumVisualStudioVersion = 10.0.40219.1
Project("{FAE04EC0-301F-11D3-BF4B-00C04F79EFBC}") = "ISO9660", "ISO9660\ISO9660.csproj", "{385195DF-42D9-4F77-9412-0B6F2720D713}"
EndProject
Project("{FAE04EC0-301F-11D3-BF4B-00C04F79EFBC}") = "mkisofs2", "mkisofs2\mkisofs2.csproj", "{8F15BA79-890E-4D71-9F05-91EE7EBDF6E1}"
EndProject
Global
	GlobalSection(SolutionConfigurationPlatforms) = preSolution
		Debug|Any CPU = Debug|Any CPU
		Release|Any CPU = Release|Any CPU
	EndGlobalSection
	GlobalSection(ProjectConfigurationPlatforms) = postSolution
		{385195DF-42D9-4F77-9412-0B6F2720D713}.Debug|Any CPU.ActiveCfg = Debug|Any CPU
		{385195DF-42D9-4F77-9412-0B6F2720D713}.Debug|Any CPU.Build.0 = Debug|Any CPU
		{385195DF-42D9-4F77-9412-0B6F2720D713}.Release|Any CPU.ActiveCfg = Release|Any CPU
		{385195DF-42D9-4F77-9412-0B6F2720D713}.Release|Any CPU.Build.0 = Release|Any CPU
		{8F15BA79-890E-4D71-9F05-91EE7EBDF6E1}.Debug|Any CPU.ActiveCfg = Debug|Any CPU
		{8F15BA79-890E-4D71-9F05-91EE7EBDF6E1}.Debug|Any CPU.Build.0 = Debug|Any CPU
		{8F15BA79-890E-4D71-9F05-91EE7EBDF6E1}.Release|Any CPU.ActiveCfg = Release|Any CPU
		{8F15BA79-890E-4D71-9F05-91EE7EBDF6E1}.Release|Any CPU.Build.0 = Release|Any CPU
	EndGlobalSection
	GlobalSection(SolutionProperties) = preSolution
		HideSolutionNode = FALSE
	EndGlobalSection
	GlobalSection(ExtensibilityGlobals) = postSolution
		SolutionGuid = {E864D526-D152-4FD2-829E-BB236EF994FE}
	EndGlobalSection
EndGlobal
